// !$*UTF8*$!
{
	archiveVersion = 1;
	classes = {
	};
	objectVersion = 51;
	objects = {

/* Begin PBXBuildFile section */
		3C5D362EA536550AEC568949 /* Pods_AppByCode.framework in Frameworks */ = {isa = PBXBuildFile; fileRef = 83738545574BB03641CEFA7E /* Pods_AppByCode.framework */; };
		70316240238CD84A0092B78E /* MainTabViewController.swift in Sources */ = {isa = PBXBuildFile; fileRef = 7031623F238CD84A0092B78E /* MainTabViewController.swift */; };
		7057338823D7CDCD000C5EC3 /* CharactersViewModel.swift in Sources */ = {isa = PBXBuildFile; fileRef = 7057338723D7CDCD000C5EC3 /* CharactersViewModel.swift */; };
		7057338B23D7CED6000C5EC3 /* TabBarItem.swift in Sources */ = {isa = PBXBuildFile; fileRef = 7057338A23D7CED6000C5EC3 /* TabBarItem.swift */; };
		7057338E23D7DABD000C5EC3 /* APIManager.swift in Sources */ = {isa = PBXBuildFile; fileRef = 7057338D23D7DABD000C5EC3 /* APIManager.swift */; };
		7057339023D7EBAF000C5EC3 /* APIQuery.swift in Sources */ = {isa = PBXBuildFile; fileRef = 7057338F23D7EBAF000C5EC3 /* APIQuery.swift */; };
		7057339223D7EC37000C5EC3 /* APIKeys.swift in Sources */ = {isa = PBXBuildFile; fileRef = 7057339123D7EC37000C5EC3 /* APIKeys.swift */; };
		7057339523D7F0F3000C5EC3 /* Character.swift in Sources */ = {isa = PBXBuildFile; fileRef = 7057339423D7F0F3000C5EC3 /* Character.swift */; };
		7057339723D8AEBA000C5EC3 /* CharCell.swift in Sources */ = {isa = PBXBuildFile; fileRef = 7057339623D8AEBA000C5EC3 /* CharCell.swift */; };
		70BACF4022E73E5E00B59E89 /* AppDelegate.swift in Sources */ = {isa = PBXBuildFile; fileRef = 70BACF3F22E73E5E00B59E89 /* AppDelegate.swift */; };
		70BACF4522E73E5E00B59E89 /* Main.storyboard in Resources */ = {isa = PBXBuildFile; fileRef = 70BACF4322E73E5E00B59E89 /* Main.storyboard */; };
		70BACF4722E73E6200B59E89 /* Assets.xcassets in Resources */ = {isa = PBXBuildFile; fileRef = 70BACF4622E73E6200B59E89 /* Assets.xcassets */; };
		70BACF4A22E73E6200B59E89 /* LaunchScreen.storyboard in Resources */ = {isa = PBXBuildFile; fileRef = 70BACF4822E73E6200B59E89 /* LaunchScreen.storyboard */; };
		70C7A4822347C77800D0AA3D /* AppCoordinator.swift in Sources */ = {isa = PBXBuildFile; fileRef = 70C7A4812347C77800D0AA3D /* AppCoordinator.swift */; };
		70C7A4842347CF0200D0AA3D /* HomeViewController.swift in Sources */ = {isa = PBXBuildFile; fileRef = 70C7A4832347CF0200D0AA3D /* HomeViewController.swift */; };
		70C7A4872347CF4700D0AA3D /* CharactersViewController.swift in Sources */ = {isa = PBXBuildFile; fileRef = 70C7A4862347CF4700D0AA3D /* CharactersViewController.swift */; };
		70C7A48A2347CF6000D0AA3D /* SpellsViewController.swift in Sources */ = {isa = PBXBuildFile; fileRef = 70C7A4892347CF6000D0AA3D /* SpellsViewController.swift */; };
		70C7A48D2347CF8800D0AA3D /* SortingHatViewController.swift in Sources */ = {isa = PBXBuildFile; fileRef = 70C7A48C2347CF8800D0AA3D /* SortingHatViewController.swift */; };
		70C7A4902347CFA900D0AA3D /* ProfileViewController.swift in Sources */ = {isa = PBXBuildFile; fileRef = 70C7A48F2347CFA900D0AA3D /* ProfileViewController.swift */; };
		70C7A492234B820700D0AA3D /* HomeView.swift in Sources */ = {isa = PBXBuildFile; fileRef = 70C7A491234B820700D0AA3D /* HomeView.swift */; };
		70C7A494234B844C00D0AA3D /* CharactersView.swift in Sources */ = {isa = PBXBuildFile; fileRef = 70C7A493234B844C00D0AA3D /* CharactersView.swift */; };
		70C7A496234B846E00D0AA3D /* SpellsView.swift in Sources */ = {isa = PBXBuildFile; fileRef = 70C7A495234B846E00D0AA3D /* SpellsView.swift */; };
		70C7A498234B84E100D0AA3D /* ProfileView.swift in Sources */ = {isa = PBXBuildFile; fileRef = 70C7A497234B84E100D0AA3D /* ProfileView.swift */; };
		70C7A49A234B850000D0AA3D /* SortingHatView.swift in Sources */ = {isa = PBXBuildFile; fileRef = 70C7A499234B850000D0AA3D /* SortingHatView.swift */; };
		70E70D7923DB848800018891 /* Movie.swift in Sources */ = {isa = PBXBuildFile; fileRef = 70E70D7823DB848800018891 /* Movie.swift */; };
		70E70D7B23DB92FE00018891 /* CatCell.swift in Sources */ = {isa = PBXBuildFile; fileRef = 70E70D7A23DB92FE00018891 /* CatCell.swift */; };
		70E70D7D23DB99ED00018891 /* MoviewCell.swift in Sources */ = {isa = PBXBuildFile; fileRef = 70E70D7C23DB99ED00018891 /* MoviewCell.swift */; };
		70E70D7F23DB9C1D00018891 /* mockCharacters.json in Resources */ = {isa = PBXBuildFile; fileRef = 70E70D7E23DB9C1D00018891 /* mockCharacters.json */; };
		70E70D8123DBB81A00018891 /* movies.json in Resources */ = {isa = PBXBuildFile; fileRef = 70E70D8023DBB81A00018891 /* movies.json */; };
/* End PBXBuildFile section */

/* Begin PBXFileReference section */
		7031623F238CD84A0092B78E /* MainTabViewController.swift */ = {isa = PBXFileReference; lastKnownFileType = sourcecode.swift; path = MainTabViewController.swift; sourceTree = "<group>"; };
		7057338723D7CDCD000C5EC3 /* CharactersViewModel.swift */ = {isa = PBXFileReference; lastKnownFileType = sourcecode.swift; path = CharactersViewModel.swift; sourceTree = "<group>"; };
		7057338A23D7CED6000C5EC3 /* TabBarItem.swift */ = {isa = PBXFileReference; lastKnownFileType = sourcecode.swift; path = TabBarItem.swift; sourceTree = "<group>"; };
		7057338D23D7DABD000C5EC3 /* APIManager.swift */ = {isa = PBXFileReference; lastKnownFileType = sourcecode.swift; path = APIManager.swift; sourceTree = "<group>"; };
		7057338F23D7EBAF000C5EC3 /* APIQuery.swift */ = {isa = PBXFileReference; lastKnownFileType = sourcecode.swift; path = APIQuery.swift; sourceTree = "<group>"; };
		7057339123D7EC37000C5EC3 /* APIKeys.swift */ = {isa = PBXFileReference; lastKnownFileType = sourcecode.swift; path = APIKeys.swift; sourceTree = "<group>"; };
		7057339423D7F0F3000C5EC3 /* Character.swift */ = {isa = PBXFileReference; lastKnownFileType = sourcecode.swift; path = Character.swift; sourceTree = "<group>"; };
		7057339623D8AEBA000C5EC3 /* CharCell.swift */ = {isa = PBXFileReference; lastKnownFileType = sourcecode.swift; path = CharCell.swift; sourceTree = "<group>"; };
		70BACF3C22E73E5E00B59E89 /* AppByCode.app */ = {isa = PBXFileReference; explicitFileType = wrapper.application; includeInIndex = 0; path = AppByCode.app; sourceTree = BUILT_PRODUCTS_DIR; };
		70BACF3F22E73E5E00B59E89 /* AppDelegate.swift */ = {isa = PBXFileReference; lastKnownFileType = sourcecode.swift; path = AppDelegate.swift; sourceTree = "<group>"; };
		70BACF4422E73E5E00B59E89 /* Base */ = {isa = PBXFileReference; lastKnownFileType = file.storyboard; name = Base; path = Base.lproj/Main.storyboard; sourceTree = "<group>"; };
		70BACF4622E73E6200B59E89 /* Assets.xcassets */ = {isa = PBXFileReference; lastKnownFileType = folder.assetcatalog; path = Assets.xcassets; sourceTree = "<group>"; };
		70BACF4922E73E6200B59E89 /* Base */ = {isa = PBXFileReference; lastKnownFileType = file.storyboard; name = Base; path = Base.lproj/LaunchScreen.storyboard; sourceTree = "<group>"; };
		70BACF4B22E73E6200B59E89 /* Info.plist */ = {isa = PBXFileReference; lastKnownFileType = text.plist.xml; path = Info.plist; sourceTree = "<group>"; };
		70C7A4812347C77800D0AA3D /* AppCoordinator.swift */ = {isa = PBXFileReference; lastKnownFileType = sourcecode.swift; path = AppCoordinator.swift; sourceTree = "<group>"; };
		70C7A4832347CF0200D0AA3D /* HomeViewController.swift */ = {isa = PBXFileReference; lastKnownFileType = sourcecode.swift; path = HomeViewController.swift; sourceTree = "<group>"; };
		70C7A4862347CF4700D0AA3D /* CharactersViewController.swift */ = {isa = PBXFileReference; lastKnownFileType = sourcecode.swift; path = CharactersViewController.swift; sourceTree = "<group>"; };
		70C7A4892347CF6000D0AA3D /* SpellsViewController.swift */ = {isa = PBXFileReference; lastKnownFileType = sourcecode.swift; path = SpellsViewController.swift; sourceTree = "<group>"; };
		70C7A48C2347CF8800D0AA3D /* SortingHatViewController.swift */ = {isa = PBXFileReference; lastKnownFileType = sourcecode.swift; path = SortingHatViewController.swift; sourceTree = "<group>"; };
		70C7A48F2347CFA900D0AA3D /* ProfileViewController.swift */ = {isa = PBXFileReference; lastKnownFileType = sourcecode.swift; path = ProfileViewController.swift; sourceTree = "<group>"; };
		70C7A491234B820700D0AA3D /* HomeView.swift */ = {isa = PBXFileReference; lastKnownFileType = sourcecode.swift; path = HomeView.swift; sourceTree = "<group>"; };
		70C7A493234B844C00D0AA3D /* CharactersView.swift */ = {isa = PBXFileReference; lastKnownFileType = sourcecode.swift; path = CharactersView.swift; sourceTree = "<group>"; };
		70C7A495234B846E00D0AA3D /* SpellsView.swift */ = {isa = PBXFileReference; lastKnownFileType = sourcecode.swift; path = SpellsView.swift; sourceTree = "<group>"; };
		70C7A497234B84E100D0AA3D /* ProfileView.swift */ = {isa = PBXFileReference; lastKnownFileType = sourcecode.swift; path = ProfileView.swift; sourceTree = "<group>"; };
		70C7A499234B850000D0AA3D /* SortingHatView.swift */ = {isa = PBXFileReference; lastKnownFileType = sourcecode.swift; path = SortingHatView.swift; sourceTree = "<group>"; };
		70E70D7823DB848800018891 /* Movie.swift */ = {isa = PBXFileReference; lastKnownFileType = sourcecode.swift; path = Movie.swift; sourceTree = "<group>"; };
		70E70D7A23DB92FE00018891 /* CatCell.swift */ = {isa = PBXFileReference; lastKnownFileType = sourcecode.swift; path = CatCell.swift; sourceTree = "<group>"; };
		70E70D7C23DB99ED00018891 /* MoviewCell.swift */ = {isa = PBXFileReference; lastKnownFileType = sourcecode.swift; path = MoviewCell.swift; sourceTree = "<group>"; };
		70E70D7E23DB9C1D00018891 /* mockCharacters.json */ = {isa = PBXFileReference; fileEncoding = 4; lastKnownFileType = text.json; name = mockCharacters.json; path = JSON/mockCharacters.json; sourceTree = SOURCE_ROOT; };
		70E70D8023DBB81A00018891 /* movies.json */ = {isa = PBXFileReference; fileEncoding = 4; lastKnownFileType = text.json; name = movies.json; path = JSON/movies.json; sourceTree = SOURCE_ROOT; };
		83738545574BB03641CEFA7E /* Pods_AppByCode.framework */ = {isa = PBXFileReference; explicitFileType = wrapper.framework; includeInIndex = 0; path = Pods_AppByCode.framework; sourceTree = BUILT_PRODUCTS_DIR; };
		8876A25C4F7AB3511BB8DA46 /* Pods-AppByCode.release.xcconfig */ = {isa = PBXFileReference; includeInIndex = 1; lastKnownFileType = text.xcconfig; name = "Pods-AppByCode.release.xcconfig"; path = "Target Support Files/Pods-AppByCode/Pods-AppByCode.release.xcconfig"; sourceTree = "<group>"; };
		C48333D35FEF2B8460771145 /* Pods-AppByCode.debug.xcconfig */ = {isa = PBXFileReference; includeInIndex = 1; lastKnownFileType = text.xcconfig; name = "Pods-AppByCode.debug.xcconfig"; path = "Target Support Files/Pods-AppByCode/Pods-AppByCode.debug.xcconfig"; sourceTree = "<group>"; };
/* End PBXFileReference section */

/* Begin PBXFrameworksBuildPhase section */
		70BACF3922E73E5E00B59E89 /* Frameworks */ = {
			isa = PBXFrameworksBuildPhase;
			buildActionMask = 2147483647;
			files = (
				3C5D362EA536550AEC568949 /* Pods_AppByCode.framework in Frameworks */,
			);
			runOnlyForDeploymentPostprocessing = 0;
		};
/* End PBXFrameworksBuildPhase section */

/* Begin PBXGroup section */
		204709240E77C42184CE3A17 /* Pods */ = {
			isa = PBXGroup;
			children = (
				C48333D35FEF2B8460771145 /* Pods-AppByCode.debug.xcconfig */,
				8876A25C4F7AB3511BB8DA46 /* Pods-AppByCode.release.xcconfig */,
			);
			path = Pods;
			sourceTree = "<group>";
		};
		425948EAEB6A4035CBF7B158 /* Frameworks */ = {
			isa = PBXGroup;
			children = (
				83738545574BB03641CEFA7E /* Pods_AppByCode.framework */,
			);
			name = Frameworks;
			sourceTree = "<group>";
		};
		7057338923D7CEC7000C5EC3 /* Enums */ = {
			isa = PBXGroup;
			children = (
				7057338A23D7CED6000C5EC3 /* TabBarItem.swift */,
				7057339123D7EC37000C5EC3 /* APIKeys.swift */,
			);
			path = Enums;
			sourceTree = "<group>";
		};
		7057338C23D7DA8F000C5EC3 /* ServiceLayer */ = {
			isa = PBXGroup;
			children = (
				7057338D23D7DABD000C5EC3 /* APIManager.swift */,
				7057338F23D7EBAF000C5EC3 /* APIQuery.swift */,
			);
			path = ServiceLayer;
			sourceTree = "<group>";
		};
		7057339323D7F0E1000C5EC3 /* Models */ = {
			isa = PBXGroup;
			children = (
				7057339423D7F0F3000C5EC3 /* Character.swift */,
				70E70D7823DB848800018891 /* Movie.swift */,
			);
			path = Models;
			sourceTree = "<group>";
		};
		7057339823DA7D22000C5EC3 /* MockData */ = {
			isa = PBXGroup;
			children = (
				70E70D8023DBB81A00018891 /* movies.json */,
				70E70D7E23DB9C1D00018891 /* mockCharacters.json */,
			);
			path = MockData;
			sourceTree = "<group>";
		};
		70BACF3322E73E5E00B59E89 = {
			isa = PBXGroup;
			children = (
				70BACF3E22E73E5E00B59E89 /* AppByCode */,
				70BACF3D22E73E5E00B59E89 /* Products */,
				204709240E77C42184CE3A17 /* Pods */,
				425948EAEB6A4035CBF7B158 /* Frameworks */,
			);
			sourceTree = "<group>";
		};
		70BACF3D22E73E5E00B59E89 /* Products */ = {
			isa = PBXGroup;
			children = (
				70BACF3C22E73E5E00B59E89 /* AppByCode.app */,
			);
			name = Products;
			sourceTree = "<group>";
		};
		70BACF3E22E73E5E00B59E89 /* AppByCode */ = {
			isa = PBXGroup;
			children = (
				7057339823DA7D22000C5EC3 /* MockData */,
				7057339323D7F0E1000C5EC3 /* Models */,
				7057338C23D7DA8F000C5EC3 /* ServiceLayer */,
				7057338923D7CEC7000C5EC3 /* Enums */,
				70C7A4802347C6BD00D0AA3D /* Coordinator */,
				70C7A47E2347BDA500D0AA3D /* Registration */,
				70C7A47F2347BDEA00D0AA3D /* Home */,
				70C7A4852347CF0A00D0AA3D /* Character */,
				70C7A48E2347CF8D00D0AA3D /* Profile */,
				70C7A48B2347CF6600D0AA3D /* SortingHat */,
				70C7A4882347CF4D00D0AA3D /* Spell */,
				70BACF4B22E73E6200B59E89 /* Info.plist */,
				70BACF3F22E73E5E00B59E89 /* AppDelegate.swift */,
				70C7A47D2347BD6800D0AA3D /* Storyboards */,
				70BACF5122E7434A00B59E89 /* Views */,
				7031623F238CD84A0092B78E /* MainTabViewController.swift */,
			);
			path = AppByCode;
			sourceTree = "<group>";
		};
		70BACF5122E7434A00B59E89 /* Views */ = {
			isa = PBXGroup;
			children = (
				70BACF4622E73E6200B59E89 /* Assets.xcassets */,
			);
			path = Views;
			sourceTree = "<group>";
		};
		70C7A47D2347BD6800D0AA3D /* Storyboards */ = {
			isa = PBXGroup;
			children = (
				70BACF4322E73E5E00B59E89 /* Main.storyboard */,
				70BACF4822E73E6200B59E89 /* LaunchScreen.storyboard */,
			);
			path = Storyboards;
			sourceTree = "<group>";
		};
		70C7A47E2347BDA500D0AA3D /* Registration */ = {
			isa = PBXGroup;
			children = (
			);
			path = Registration;
			sourceTree = "<group>";
		};
		70C7A47F2347BDEA00D0AA3D /* Home */ = {
			isa = PBXGroup;
			children = (
				70C7A4832347CF0200D0AA3D /* HomeViewController.swift */,
				70C7A491234B820700D0AA3D /* HomeView.swift */,
			);
			path = Home;
			sourceTree = "<group>";
		};
		70C7A4802347C6BD00D0AA3D /* Coordinator */ = {
			isa = PBXGroup;
			children = (
				70C7A4812347C77800D0AA3D /* AppCoordinator.swift */,
			);
			path = Coordinator;
			sourceTree = "<group>";
		};
		70C7A4852347CF0A00D0AA3D /* Character */ = {
			isa = PBXGroup;
			children = (
				70C7A4862347CF4700D0AA3D /* CharactersViewController.swift */,
				70C7A493234B844C00D0AA3D /* CharactersView.swift */,
				7057338723D7CDCD000C5EC3 /* CharactersViewModel.swift */,
				7057339623D8AEBA000C5EC3 /* CharCell.swift */,
			);
			path = Character;
			sourceTree = "<group>";
		};
		70C7A4882347CF4D00D0AA3D /* Spell */ = {
			isa = PBXGroup;
			children = (
				70C7A4892347CF6000D0AA3D /* SpellsViewController.swift */,
				70C7A495234B846E00D0AA3D /* SpellsView.swift */,
			);
			path = Spell;
			sourceTree = "<group>";
		};
		70C7A48B2347CF6600D0AA3D /* SortingHat */ = {
			isa = PBXGroup;
			children = (
				70C7A48C2347CF8800D0AA3D /* SortingHatViewController.swift */,
				70C7A499234B850000D0AA3D /* SortingHatView.swift */,
			);
			path = SortingHat;
			sourceTree = "<group>";
		};
		70C7A48E2347CF8D00D0AA3D /* Profile */ = {
			isa = PBXGroup;
			children = (
				70C7A48F2347CFA900D0AA3D /* ProfileViewController.swift */,
				70C7A497234B84E100D0AA3D /* ProfileView.swift */,
				70E70D7A23DB92FE00018891 /* CatCell.swift */,
				70E70D7C23DB99ED00018891 /* MoviewCell.swift */,
			);
			path = Profile;
			sourceTree = "<group>";
		};
/* End PBXGroup section */

/* Begin PBXNativeTarget section */
		70BACF3B22E73E5E00B59E89 /* AppByCode */ = {
			isa = PBXNativeTarget;
			buildConfigurationList = 70BACF4E22E73E6200B59E89 /* Build configuration list for PBXNativeTarget "AppByCode" */;
			buildPhases = (
				64777DED762ED26DE591B19D /* [CP] Check Pods Manifest.lock */,
				70BACF3822E73E5E00B59E89 /* Sources */,
				70BACF3922E73E5E00B59E89 /* Frameworks */,
				70BACF3A22E73E5E00B59E89 /* Resources */,
				FC3C2BC1BD345512993B550F /* [CP] Embed Pods Frameworks */,
				70ACC81223314E5E00C25BEA /* Swiftlint */,
			);
			buildRules = (
			);
			dependencies = (
			);
			name = AppByCode;
			productName = AppByCode;
			productReference = 70BACF3C22E73E5E00B59E89 /* AppByCode.app */;
			productType = "com.apple.product-type.application";
		};
/* End PBXNativeTarget section */

/* Begin PBXProject section */
		70BACF3422E73E5E00B59E89 /* Project object */ = {
			isa = PBXProject;
			attributes = {
				LastSwiftUpdateCheck = 1020;
				LastUpgradeCheck = 1020;
				ORGANIZATIONNAME = "Jerry Zhou";
				TargetAttributes = {
					70BACF3B22E73E5E00B59E89 = {
						CreatedOnToolsVersion = 10.2.1;
					};
				};
			};
			buildConfigurationList = 70BACF3722E73E5E00B59E89 /* Build configuration list for PBXProject "AppByCode" */;
			compatibilityVersion = "Xcode 9.3";
			developmentRegion = en;
			hasScannedForEncodings = 0;
			knownRegions = (
				en,
				Base,
			);
			mainGroup = 70BACF3322E73E5E00B59E89;
			productRefGroup = 70BACF3D22E73E5E00B59E89 /* Products */;
			projectDirPath = "";
			projectRoot = "";
			targets = (
				70BACF3B22E73E5E00B59E89 /* AppByCode */,
			);
		};
/* End PBXProject section */

/* Begin PBXResourcesBuildPhase section */
		70BACF3A22E73E5E00B59E89 /* Resources */ = {
			isa = PBXResourcesBuildPhase;
			buildActionMask = 2147483647;
			files = (
				70BACF4A22E73E6200B59E89 /* LaunchScreen.storyboard in Resources */,
				70E70D7F23DB9C1D00018891 /* mockCharacters.json in Resources */,
				70E70D8123DBB81A00018891 /* movies.json in Resources */,
				70BACF4722E73E6200B59E89 /* Assets.xcassets in Resources */,
				70BACF4522E73E5E00B59E89 /* Main.storyboard in Resources */,
			);
			runOnlyForDeploymentPostprocessing = 0;
		};
/* End PBXResourcesBuildPhase section */

/* Begin PBXShellScriptBuildPhase section */
		64777DED762ED26DE591B19D /* [CP] Check Pods Manifest.lock */ = {
			isa = PBXShellScriptBuildPhase;
			buildActionMask = 2147483647;
			files = (
			);
			inputFileListPaths = (
			);
			inputPaths = (
				"${PODS_PODFILE_DIR_PATH}/Podfile.lock",
				"${PODS_ROOT}/Manifest.lock",
			);
			name = "[CP] Check Pods Manifest.lock";
			outputFileListPaths = (
			);
			outputPaths = (
				"$(DERIVED_FILE_DIR)/Pods-AppByCode-checkManifestLockResult.txt",
			);
			runOnlyForDeploymentPostprocessing = 0;
			shellPath = /bin/sh;
			shellScript = "diff \"${PODS_PODFILE_DIR_PATH}/Podfile.lock\" \"${PODS_ROOT}/Manifest.lock\" > /dev/null\nif [ $? != 0 ] ; then\n    # print error to STDERR\n    echo \"error: The sandbox is not in sync with the Podfile.lock. Run 'pod install' or update your CocoaPods installation.\" >&2\n    exit 1\nfi\n# This output is used by Xcode 'outputs' to avoid re-running this script phase.\necho \"SUCCESS\" > \"${SCRIPT_OUTPUT_FILE_0}\"\n";
			showEnvVarsInLog = 0;
		};
		70ACC81223314E5E00C25BEA /* Swiftlint */ = {
			isa = PBXShellScriptBuildPhase;
			buildActionMask = 2147483647;
			files = (
			);
			inputFileListPaths = (
			);
			inputPaths = (
			);
			name = Swiftlint;
			outputFileListPaths = (
			);
			outputPaths = (
			);
			runOnlyForDeploymentPostprocessing = 0;
			shellPath = /bin/bash;
			shellScript = "if which swiftlint >/dev/null; then\n    swiftlint autocorrect\nelse\n    echo \"warning: SwiftLint not installed\"\nfi\n";
		};
		FC3C2BC1BD345512993B550F /* [CP] Embed Pods Frameworks */ = {
			isa = PBXShellScriptBuildPhase;
			buildActionMask = 2147483647;
			files = (
			);
			inputFileListPaths = (
				"${PODS_ROOT}/Target Support Files/Pods-AppByCode/Pods-AppByCode-frameworks-${CONFIGURATION}-input-files.xcfilelist",
			);
			name = "[CP] Embed Pods Frameworks";
			outputFileListPaths = (
				"${PODS_ROOT}/Target Support Files/Pods-AppByCode/Pods-AppByCode-frameworks-${CONFIGURATION}-output-files.xcfilelist",
			);
			runOnlyForDeploymentPostprocessing = 0;
			shellPath = /bin/sh;
			shellScript = "\"${PODS_ROOT}/Target Support Files/Pods-AppByCode/Pods-AppByCode-frameworks.sh\"\n";
			showEnvVarsInLog = 0;
		};
/* End PBXShellScriptBuildPhase section */

/* Begin PBXSourcesBuildPhase section */
		70BACF3822E73E5E00B59E89 /* Sources */ = {
			isa = PBXSourcesBuildPhase;
			buildActionMask = 2147483647;
			files = (
				7057338E23D7DABD000C5EC3 /* APIManager.swift in Sources */,
				70316240238CD84A0092B78E /* MainTabViewController.swift in Sources */,
				70C7A4872347CF4700D0AA3D /* CharactersViewController.swift in Sources */,
				70C7A48D2347CF8800D0AA3D /* SortingHatViewController.swift in Sources */,
				70C7A4822347C77800D0AA3D /* AppCoordinator.swift in Sources */,
				70C7A48A2347CF6000D0AA3D /* SpellsViewController.swift in Sources */,
				70E70D7B23DB92FE00018891 /* CatCell.swift in Sources */,
				70C7A4902347CFA900D0AA3D /* ProfileViewController.swift in Sources */,
				70C7A49A234B850000D0AA3D /* SortingHatView.swift in Sources */,
				70C7A494234B844C00D0AA3D /* CharactersView.swift in Sources */,
				7057338823D7CDCD000C5EC3 /* CharactersViewModel.swift in Sources */,
				70C7A492234B820700D0AA3D /* HomeView.swift in Sources */,
				70C7A496234B846E00D0AA3D /* SpellsView.swift in Sources */,
				7057339223D7EC37000C5EC3 /* APIKeys.swift in Sources */,
				70BACF4022E73E5E00B59E89 /* AppDelegate.swift in Sources */,
				70E70D7923DB848800018891 /* Movie.swift in Sources */,
				70E70D7D23DB99ED00018891 /* MoviewCell.swift in Sources */,
				7057339023D7EBAF000C5EC3 /* APIQuery.swift in Sources */,
				7057338B23D7CED6000C5EC3 /* TabBarItem.swift in Sources */,
				70C7A498234B84E100D0AA3D /* ProfileView.swift in Sources */,
				70C7A4842347CF0200D0AA3D /* HomeViewController.swift in Sources */,
				7057339523D7F0F3000C5EC3 /* Character.swift in Sources */,
				7057339723D8AEBA000C5EC3 /* CharCell.swift in Sources */,
			);
			runOnlyForDeploymentPostprocessing = 0;
		};
/* End PBXSourcesBuildPhase section */

/* Begin PBXVariantGroup section */
		70BACF4322E73E5E00B59E89 /* Main.storyboard */ = {
			isa = PBXVariantGroup;
			children = (
				70BACF4422E73E5E00B59E89 /* Base */,
			);
			name = Main.storyboard;
			sourceTree = "<group>";
		};
		70BACF4822E73E6200B59E89 /* LaunchScreen.storyboard */ = {
			isa = PBXVariantGroup;
			children = (
				70BACF4922E73E6200B59E89 /* Base */,
			);
			name = LaunchScreen.storyboard;
			sourceTree = "<group>";
		};
/* End PBXVariantGroup section */

/* Begin XCBuildConfiguration section */
		70BACF4C22E73E6200B59E89 /* Debug */ = {
			isa = XCBuildConfiguration;
			buildSettings = {
				ALWAYS_SEARCH_USER_PATHS = NO;
				CLANG_ANALYZER_NONNULL = YES;
				CLANG_ANALYZER_NUMBER_OBJECT_CONVERSION = YES_AGGRESSIVE;
				CLANG_CXX_LANGUAGE_STANDARD = "gnu++14";
				CLANG_CXX_LIBRARY = "libc++";
				CLANG_ENABLE_MODULES = YES;
				CLANG_ENABLE_OBJC_ARC = YES;
				CLANG_ENABLE_OBJC_WEAK = YES;
				CLANG_WARN_BLOCK_CAPTURE_AUTORELEASING = YES;
				CLANG_WARN_BOOL_CONVERSION = YES;
				CLANG_WARN_COMMA = YES;
				CLANG_WARN_CONSTANT_CONVERSION = YES;
				CLANG_WARN_DEPRECATED_OBJC_IMPLEMENTATIONS = YES;
				CLANG_WARN_DIRECT_OBJC_ISA_USAGE = YES_ERROR;
				CLANG_WARN_DOCUMENTATION_COMMENTS = YES;
				CLANG_WARN_EMPTY_BODY = YES;
				CLANG_WARN_ENUM_CONVERSION = YES;
				CLANG_WARN_INFINITE_RECURSION = YES;
				CLANG_WARN_INT_CONVERSION = YES;
				CLANG_WARN_NON_LITERAL_NULL_CONVERSION = YES;
				CLANG_WARN_OBJC_IMPLICIT_RETAIN_SELF = YES;
				CLANG_WARN_OBJC_LITERAL_CONVERSION = YES;
				CLANG_WARN_OBJC_ROOT_CLASS = YES_ERROR;
				CLANG_WARN_RANGE_LOOP_ANALYSIS = YES;
				CLANG_WARN_STRICT_PROTOTYPES = YES;
				CLANG_WARN_SUSPICIOUS_MOVE = YES;
				CLANG_WARN_UNGUARDED_AVAILABILITY = YES_AGGRESSIVE;
				CLANG_WARN_UNREACHABLE_CODE = YES;
				CLANG_WARN__DUPLICATE_METHOD_MATCH = YES;
				CODE_SIGN_IDENTITY = "iPhone Developer";
				COPY_PHASE_STRIP = NO;
				DEBUG_INFORMATION_FORMAT = dwarf;
				ENABLE_STRICT_OBJC_MSGSEND = YES;
				ENABLE_TESTABILITY = YES;
				GCC_C_LANGUAGE_STANDARD = gnu11;
				GCC_DYNAMIC_NO_PIC = NO;
				GCC_NO_COMMON_BLOCKS = YES;
				GCC_OPTIMIZATION_LEVEL = 0;
				GCC_PREPROCESSOR_DEFINITIONS = (
					"DEBUG=1",
					"$(inherited)",
				);
				GCC_WARN_64_TO_32_BIT_CONVERSION = YES;
				GCC_WARN_ABOUT_RETURN_TYPE = YES_ERROR;
				GCC_WARN_UNDECLARED_SELECTOR = YES;
				GCC_WARN_UNINITIALIZED_AUTOS = YES_AGGRESSIVE;
				GCC_WARN_UNUSED_FUNCTION = YES;
				GCC_WARN_UNUSED_VARIABLE = YES;
				IPHONEOS_DEPLOYMENT_TARGET = 12.2;
				MTL_ENABLE_DEBUG_INFO = INCLUDE_SOURCE;
				MTL_FAST_MATH = YES;
				ONLY_ACTIVE_ARCH = YES;
				SDKROOT = iphoneos;
				SWIFT_ACTIVE_COMPILATION_CONDITIONS = DEBUG;
				SWIFT_OPTIMIZATION_LEVEL = "-Onone";
			};
			name = Debug;
		};
		70BACF4D22E73E6200B59E89 /* Release */ = {
			isa = XCBuildConfiguration;
			buildSettings = {
				ALWAYS_SEARCH_USER_PATHS = NO;
				CLANG_ANALYZER_NONNULL = YES;
				CLANG_ANALYZER_NUMBER_OBJECT_CONVERSION = YES_AGGRESSIVE;
				CLANG_CXX_LANGUAGE_STANDARD = "gnu++14";
				CLANG_CXX_LIBRARY = "libc++";
				CLANG_ENABLE_MODULES = YES;
				CLANG_ENABLE_OBJC_ARC = YES;
				CLANG_ENABLE_OBJC_WEAK = YES;
				CLANG_WARN_BLOCK_CAPTURE_AUTORELEASING = YES;
				CLANG_WARN_BOOL_CONVERSION = YES;
				CLANG_WARN_COMMA = YES;
				CLANG_WARN_CONSTANT_CONVERSION = YES;
				CLANG_WARN_DEPRECATED_OBJC_IMPLEMENTATIONS = YES;
				CLANG_WARN_DIRECT_OBJC_ISA_USAGE = YES_ERROR;
				CLANG_WARN_DOCUMENTATION_COMMENTS = YES;
				CLANG_WARN_EMPTY_BODY = YES;
				CLANG_WARN_ENUM_CONVERSION = YES;
				CLANG_WARN_INFINITE_RECURSION = YES;
				CLANG_WARN_INT_CONVERSION = YES;
				CLANG_WARN_NON_LITERAL_NULL_CONVERSION = YES;
				CLANG_WARN_OBJC_IMPLICIT_RETAIN_SELF = YES;
				CLANG_WARN_OBJC_LITERAL_CONVERSION = YES;
				CLANG_WARN_OBJC_ROOT_CLASS = YES_ERROR;
				CLANG_WARN_RANGE_LOOP_ANALYSIS = YES;
				CLANG_WARN_STRICT_PROTOTYPES = YES;
				CLANG_WARN_SUSPICIOUS_MOVE = YES;
				CLANG_WARN_UNGUARDED_AVAILABILITY = YES_AGGRESSIVE;
				CLANG_WARN_UNREACHABLE_CODE = YES;
				CLANG_WARN__DUPLICATE_METHOD_MATCH = YES;
				CODE_SIGN_IDENTITY = "iPhone Developer";
				COPY_PHASE_STRIP = NO;
				DEBUG_INFORMATION_FORMAT = "dwarf-with-dsym";
				ENABLE_NS_ASSERTIONS = NO;
				ENABLE_STRICT_OBJC_MSGSEND = YES;
				GCC_C_LANGUAGE_STANDARD = gnu11;
				GCC_NO_COMMON_BLOCKS = YES;
				GCC_WARN_64_TO_32_BIT_CONVERSION = YES;
				GCC_WARN_ABOUT_RETURN_TYPE = YES_ERROR;
				GCC_WARN_UNDECLARED_SELECTOR = YES;
				GCC_WARN_UNINITIALIZED_AUTOS = YES_AGGRESSIVE;
				GCC_WARN_UNUSED_FUNCTION = YES;
				GCC_WARN_UNUSED_VARIABLE = YES;
				IPHONEOS_DEPLOYMENT_TARGET = 12.2;
				MTL_ENABLE_DEBUG_INFO = NO;
				MTL_FAST_MATH = YES;
				SDKROOT = iphoneos;
				SWIFT_COMPILATION_MODE = wholemodule;
				SWIFT_OPTIMIZATION_LEVEL = "-O";
				VALIDATE_PRODUCT = YES;
			};
			name = Release;
		};
		70BACF4F22E73E6200B59E89 /* Debug */ = {
			isa = XCBuildConfiguration;
			baseConfigurationReference = C48333D35FEF2B8460771145 /* Pods-AppByCode.debug.xcconfig */;
			buildSettings = {
				ASSETCATALOG_COMPILER_APPICON_NAME = AppIcon;
				CODE_SIGN_STYLE = Automatic;
				DEVELOPMENT_TEAM = GAR3V55Q7F;
				INFOPLIST_FILE = AppByCode/Info.plist;
				LD_RUNPATH_SEARCH_PATHS = (
					"$(inherited)",
					"@executable_path/Frameworks",
				);
				PRODUCT_BUNDLE_IDENTIFIER = Jerry.AppByCode;
				PRODUCT_NAME = "$(TARGET_NAME)";
				SWIFT_VERSION = 5.0;
				TARGETED_DEVICE_FAMILY = "1,2";
			};
			name = Debug;
		};
		70BACF5022E73E6200B59E89 /* Release */ = {
			isa = XCBuildConfiguration;
			baseConfigurationReference = 8876A25C4F7AB3511BB8DA46 /* Pods-AppByCode.release.xcconfig */;
			buildSettings = {
				ASSETCATALOG_COMPILER_APPICON_NAME = AppIcon;
				CODE_SIGN_STYLE = Automatic;
				DEVELOPMENT_TEAM = GAR3V55Q7F;
				INFOPLIST_FILE = AppByCode/Info.plist;
				LD_RUNPATH_SEARCH_PATHS = (
					"$(inherited)",
					"@executable_path/Frameworks",
				);
				PRODUCT_BUNDLE_IDENTIFIER = Jerry.AppByCode;
				PRODUCT_NAME = "$(TARGET_NAME)";
				SWIFT_VERSION = 5.0;
				TARGETED_DEVICE_FAMILY = "1,2";
			};
			name = Release;
		};
/* End XCBuildConfiguration section */

/* Begin XCConfigurationList section */
		70BACF3722E73E5E00B59E89 /* Build configuration list for PBXProject "AppByCode" */ = {
			isa = XCConfigurationList;
			buildConfigurations = (
				70BACF4C22E73E6200B59E89 /* Debug */,
				70BACF4D22E73E6200B59E89 /* Release */,
			);
			defaultConfigurationIsVisible = 0;
			defaultConfigurationName = Release;
		};
		70BACF4E22E73E6200B59E89 /* Build configuration list for PBXNativeTarget "AppByCode" */ = {
			isa = XCConfigurationList;
			buildConfigurations = (
				70BACF4F22E73E6200B59E89 /* Debug */,
				70BACF5022E73E6200B59E89 /* Release */,
			);
			defaultConfigurationIsVisible = 0;
			defaultConfigurationName = Release;
		};
/* End XCConfigurationList section */
	};
	rootObject = 70BACF3422E73E5E00B59E89 /* Project object */;
}
